
Microsoft Visual Studio Solution File, Format Version 12.00
# Visual Studio 15
VisualStudioVersion = 15.0.27703.2035
MinimumVisualStudioVersion = 10.0.40219.1
Project("{FAE04EC0-301F-11D3-BF4B-00C04F79EFBC}") = "Assignment2", "Assignment2\Assignment2.csproj", "{298631BA-697B-47FA-A302-630EBF86C179}"
EndProject
Global
	GlobalSection(SolutionConfigurationPlatforms) = preSolution
		Debug|Any CPU = Debug|Any CPU
		Release|Any CPU = Release|Any CPU
	EndGlobalSection
	GlobalSection(ProjectConfigurationPlatforms) = postSolution
		{298631BA-697B-47FA-A302-630EBF86C179}.Debug|Any CPU.ActiveCfg = Debug|Any CPU
		{298631BA-697B-47FA-A302-630EBF86C179}.Debug|Any CPU.Build.0 = Debug|Any CPU
		{298631BA-697B-47FA-A302-630EBF86C179}.Release|Any CPU.ActiveCfg = Release|Any CPU
		{298631BA-697B-47FA-A302-630EBF86C179}.Release|Any CPU.Build.0 = Release|Any CPU
	EndGlobalSection
	GlobalSection(SolutionProperties) = preSolution
		HideSolutionNode = FALSE
	EndGlobalSection
	GlobalSection(ExtensibilityGlobals) = postSolution
		SolutionGuid = {A9230748-3662-49E9-8E9D-478964B7A66B}
	EndGlobalSection
EndGlobal
