
Microsoft Visual Studio Solution File, Format Version 12.00
# Visual Studio 15
VisualStudioVersion = 15.0.27703.2035
MinimumVisualStudioVersion = 10.0.40219.1
Project("{FAE04EC0-301F-11D3-BF4B-00C04F79EFBC}") = "Emart", "Emart\Emart.csproj", "{9974B471-FEA8-46E0-A903-27F40DD1275B}"
EndProject
Global
	GlobalSection(SolutionConfigurationPlatforms) = preSolution
		Debug|Any CPU = Debug|Any CPU
		Release|Any CPU = Release|Any CPU
	EndGlobalSection
	GlobalSection(ProjectConfigurationPlatforms) = postSolution
		{9974B471-FEA8-46E0-A903-27F40DD1275B}.Debug|Any CPU.ActiveCfg = Debug|Any CPU
		{9974B471-FEA8-46E0-A903-27F40DD1275B}.Debug|Any CPU.Build.0 = Debug|Any CPU
		{9974B471-FEA8-46E0-A903-27F40DD1275B}.Release|Any CPU.ActiveCfg = Release|Any CPU
		{9974B471-FEA8-46E0-A903-27F40DD1275B}.Release|Any CPU.Build.0 = Release|Any CPU
	EndGlobalSection
	GlobalSection(SolutionProperties) = preSolution
		HideSolutionNode = FALSE
	EndGlobalSection
	GlobalSection(ExtensibilityGlobals) = postSolution
		SolutionGuid = {8336DF52-F8B5-4A44-94E4-7BA47C1902E2}
	EndGlobalSection
EndGlobal
