
Microsoft Visual Studio Solution File, Format Version 12.00
# Visual Studio 15
VisualStudioVersion = 15.0.27703.2035
MinimumVisualStudioVersion = 10.0.40219.1
Project("{FAE04EC0-301F-11D3-BF4B-00C04F79EFBC}") = "FirstApp", "FirstApp\FirstApp.csproj", "{0ECC19B9-3556-4E70-BD87-3934A0D328F6}"
EndProject
Global
	GlobalSection(SolutionConfigurationPlatforms) = preSolution
		Debug|Any CPU = Debug|Any CPU
		Release|Any CPU = Release|Any CPU
	EndGlobalSection
	GlobalSection(ProjectConfigurationPlatforms) = postSolution
		{0ECC19B9-3556-4E70-BD87-3934A0D328F6}.Debug|Any CPU.ActiveCfg = Debug|Any CPU
		{0ECC19B9-3556-4E70-BD87-3934A0D328F6}.Debug|Any CPU.Build.0 = Debug|Any CPU
		{0ECC19B9-3556-4E70-BD87-3934A0D328F6}.Release|Any CPU.ActiveCfg = Release|Any CPU
		{0ECC19B9-3556-4E70-BD87-3934A0D328F6}.Release|Any CPU.Build.0 = Release|Any CPU
	EndGlobalSection
	GlobalSection(SolutionProperties) = preSolution
		HideSolutionNode = FALSE
	EndGlobalSection
	GlobalSection(ExtensibilityGlobals) = postSolution
		SolutionGuid = {C0E3DA41-42FB-4794-BC5D-420B418E0E04}
	EndGlobalSection
EndGlobal
